
Microsoft Visual Studio Solution File, Format Version 12.00
# Visual Studio Version 17
VisualStudioVersion = 17.11.35312.102
MinimumVisualStudioVersion = 10.0.40219.1
Project("{2150E333-8FDC-42A3-9474-1A3956D46DE8}") = "src", "src", "{1E005ECE-55C3-49FE-88CD-F966860D147A}"
EndProject
Project("{2150E333-8FDC-42A3-9474-1A3956D46DE8}") = "Solution Items", "Solution Items", "{F9376FDD-0DDE-49E6-B592-97C2DF81AEBC}"
	ProjectSection(SolutionItems) = preProject
		.gitignore = .gitignore
		LICENSE = LICENSE
		README.md = README.md
	EndProjectSection
EndProject
Project("{9A19103F-16F7-4668-BE54-9A1E7A4F7556}") = "Cayd.AspNetCore.FlexLog", "src\Cayd.AspNetCore.FlexLog\Cayd.AspNetCore.FlexLog.csproj", "{18177A04-0300-4450-A708-4231EFB86EF3}"
EndProject
Project("{2150E333-8FDC-42A3-9474-1A3956D46DE8}") = "test", "test", "{0A5F6655-6239-43F4-9E12-97E96A2FB0EC}"
EndProject
Project("{2150E333-8FDC-42A3-9474-1A3956D46DE8}") = "IntegrationTests", "IntegrationTests", "{7FC95E04-EF4C-4CBC-A4A1-2BD368E050DD}"
EndProject
Project("{9A19103F-16F7-4668-BE54-9A1E7A4F7556}") = "Cayd.AspNetCore.FlexLog.Test.Integration", "test\IntegrationTests\Cayd.AspNetCore.FlexLog.Test.Integration\Cayd.AspNetCore.FlexLog.Test.Integration.csproj", "{D77D5CF0-C3BC-48B5-AB3B-B1880FF5931C}"
EndProject
Project("{2150E333-8FDC-42A3-9474-1A3956D46DE8}") = "assets", "assets", "{59D67E50-09E2-4DEA-B0EC-4526C1E4E4DE}"
	ProjectSection(SolutionItems) = preProject
		assets\nuget-logo.png = assets\nuget-logo.png
	EndProjectSection
EndProject
Global
	GlobalSection(SolutionConfigurationPlatforms) = preSolution
		Debug|Any CPU = Debug|Any CPU
		Release|Any CPU = Release|Any CPU
	EndGlobalSection
	GlobalSection(ProjectConfigurationPlatforms) = postSolution
		{18177A04-0300-4450-A708-4231EFB86EF3}.Debug|Any CPU.ActiveCfg = Debug|Any CPU
		{18177A04-0300-4450-A708-4231EFB86EF3}.Debug|Any CPU.Build.0 = Debug|Any CPU
		{18177A04-0300-4450-A708-4231EFB86EF3}.Release|Any CPU.ActiveCfg = Release|Any CPU
		{18177A04-0300-4450-A708-4231EFB86EF3}.Release|Any CPU.Build.0 = Release|Any CPU
		{D77D5CF0-C3BC-48B5-AB3B-B1880FF5931C}.Debug|Any CPU.ActiveCfg = Debug|Any CPU
		{D77D5CF0-C3BC-48B5-AB3B-B1880FF5931C}.Debug|Any CPU.Build.0 = Debug|Any CPU
		{D77D5CF0-C3BC-48B5-AB3B-B1880FF5931C}.Release|Any CPU.ActiveCfg = Release|Any CPU
		{D77D5CF0-C3BC-48B5-AB3B-B1880FF5931C}.Release|Any CPU.Build.0 = Release|Any CPU
	EndGlobalSection
	GlobalSection(SolutionProperties) = preSolution
		HideSolutionNode = FALSE
	EndGlobalSection
	GlobalSection(NestedProjects) = preSolution
		{18177A04-0300-4450-A708-4231EFB86EF3} = {1E005ECE-55C3-49FE-88CD-F966860D147A}
		{7FC95E04-EF4C-4CBC-A4A1-2BD368E050DD} = {0A5F6655-6239-43F4-9E12-97E96A2FB0EC}
		{D77D5CF0-C3BC-48B5-AB3B-B1880FF5931C} = {7FC95E04-EF4C-4CBC-A4A1-2BD368E050DD}
	EndGlobalSection
	GlobalSection(ExtensibilityGlobals) = postSolution
		SolutionGuid = {37C64471-91D0-4A1A-950B-5988788F3EF4}
	EndGlobalSection
EndGlobal
